Microsoft Visual Studio Solution File, Format Version 12.00
# Visual Studio Version 17
VisualStudioVersion = 17.5.2.0
MinimumVisualStudioVersion = 10.0.40219.1
Project("{FAE04EC0-301F-11D3-BF4B-00C04F79EFBC}") = "USPEducation", "USPEducation.csproj", "{A5D60204-6A7C-B47A-4D15-EDCC664D1D53}"
EndProject
Global
	GlobalSection(SolutionConfigurationPlatforms) = preSolution
		Debug|Any CPU = Debug|Any CPU
		Release|Any CPU = Release|Any CPU
	EndGlobalSection
	GlobalSection(ProjectConfigurationPlatforms) = postSolution
		{A5D60204-6A7C-B47A-4D15-EDCC664D1D53}.Debug|Any CPU.ActiveCfg = Debug|Any CPU
		{A5D60204-6A7C-B47A-4D15-EDCC664D1D53}.Debug|Any CPU.Build.0 = Debug|Any CPU
		{A5D60204-6A7C-B47A-4D15-EDCC664D1D53}.Release|Any CPU.ActiveCfg = Release|Any CPU
		{A5D60204-6A7C-B47A-4D15-EDCC664D1D53}.Release|Any CPU.Build.0 = Release|Any CPU
	EndGlobalSection
	GlobalSection(SolutionProperties) = preSolution
		HideSolutionNode = FALSE
	EndGlobalSection
	GlobalSection(ExtensibilityGlobals) = postSolution
		SolutionGuid = {E959AEE7-033C-4483-98CA-16373507BFBC}
	EndGlobalSection
EndGlobal
