Microsoft Visual Studio Solution File, Format Version 12.00
# Visual Studio Version 17
VisualStudioVersion = 17.5.2.0
MinimumVisualStudioVersion = 10.0.40219.1
Project("{9A19103F-16F7-4668-BE54-9A1E7A4F7556}") = "USPEducation", "USPEducation.csproj", "{A5D60204-6A7C-B47A-4D15-EDCC664D1D53}"
EndProject
Project("{9A19103F-16F7-4668-BE54-9A1E7A4F7556}") = "USPGradeSystem", "USPGradeSystem\USPGradeSystem.csproj", "{07F98737-723E-4F59-A412-443273AF27A2}"
EndProject
Global
	GlobalSection(SolutionConfigurationPlatforms) = preSolution
		Debug|Any CPU = Debug|Any CPU
		Release|Any CPU = Release|Any CPU
	EndGlobalSection
	GlobalSection(ProjectConfigurationPlatforms) = postSolution
		{A5D60204-6A7C-B47A-4D15-EDCC664D1D53}.Debug|Any CPU.ActiveCfg = Debug|Any CPU
		{A5D60204-6A7C-B47A-4D15-EDCC664D1D53}.Debug|Any CPU.Build.0 = Debug|Any CPU
		{A5D60204-6A7C-B47A-4D15-EDCC664D1D53}.Release|Any CPU.ActiveCfg = Release|Any CPU
		{A5D60204-6A7C-B47A-4D15-EDCC664D1D53}.Release|Any CPU.Build.0 = Release|Any CPU
		{07F98737-723E-4F59-A412-443273AF27A2}.Debug|Any CPU.ActiveCfg = Debug|Any CPU
		{07F98737-723E-4F59-A412-443273AF27A2}.Debug|Any CPU.Build.0 = Debug|Any CPU
		{07F98737-723E-4F59-A412-443273AF27A2}.Release|Any CPU.ActiveCfg = Release|Any CPU
		{07F98737-723E-4F59-A412-443273AF27A2}.Release|Any CPU.Build.0 = Release|Any CPU
	EndGlobalSection
	GlobalSection(SolutionProperties) = preSolution
		HideSolutionNode = FALSE
	EndGlobalSection
	GlobalSection(ExtensibilityGlobals) = postSolution
		SolutionGuid = {E959AEE7-033C-4483-98CA-16373507BFBC}
	EndGlobalSection
EndGlobal
